lockfile_version = 3

[[realization]]
realization_hash = "b3:9083cfa0a74d854f78c93294b9b8a4a03cda8e275328e3482c34c9a608f30342"
name = "moonstone/lua"
version = "5.4.9"
kind = "runtime"
recipe_hash = "b3:0353585d507e63fc77991624d4e2c91a886c01f9db34ed99cdf8d23aa968095c"
artifact_hash = "b3:dde067cacdbcad3264f1e70795c65ebedae993e3ea4248c230f3113b6657ee48"
replay_mode = "artifact_only"
runtime = "moonstone/lua"
lua_abi = "5.4"
target = "x86_64-linux-gnu"
constellation = "default"
source_kind = "runtime"
resolver = "moonstone"

[[realization]]
realization_hash = "b3:1832cca557a1533ca721b366edfa0120d76f1c54db6d66a99e64f678c62ef1e4"
name = "moonstone/ballad"
version = "0.3.7"
kind = "bin"
source_hash = "b3:ff606883f3629edd39664ab299a91fe34136eb72ea72ac0ea78208d0dfd3ef42"
recipe_hash = "b3:c1a79b1734e439e17445a131b73cc8a0bcafcb3ab81679f1297219e94b90387a"
artifact_hash = "b3:ff606883f3629edd39664ab299a91fe34136eb72ea72ac0ea78208d0dfd3ef42"
replay_mode = "artifact_only"
runtime = "5.4"
lua_abi = "5.1"
target = "x86_64-linux-gnu"
constellation = "default"
source = "https://github.com/moonstone-sh/ballad/releases/download/v0.3.7/ballad-0.3.7-any.tar.gz"
source_kind = "bin"
source_payload = "sources/blob.tar.gz"
resolver = "moonstone"
registry = "moonstone"
roles = ["tool"]

[[realization]]
realization_hash = "b3:148d9d346bade8ed66e4fb999acead0d5a847dd09bf6f4e0a7fbfbfeff035af5"
name = "moonstone/luajit"
version = "2.1.0"
kind = "runtime"
source_hash = "b3:eb0e3baf280c1ae61596f94c85159d83b2ff99d0a2b8573a2605687ac1156b40"
recipe_hash = "b3:19bc15939f857b7dca6cc53942b049958b2cd82c0c10015a4d4d85f8e3ae9478"
artifact_hash = "b3:944315c9c5dae5dbefa301abac275b0d39fd2c11eaa286eba2c7f014df7628cb"
replay_mode = "artifact_only"
runtime = "5.4"
lua_abi = "lua51"
target = "x86_64-linux-gnu"
constellation = "default"
source = "blobs/b3/94/43/944315c9c5dae5dbefa301abac275b0d39fd2c11eaa286eba2c7f014df7628cb.tar.zst"
source_kind = "runtime"
source_payload = "sources/blob.tar.zst"
source_url = "blobs/b3/eb/0e/eb0e3baf280c1ae61596f94c85159d83b2ff99d0a2b8573a2605687ac1156b40.tar.gz"
resolver = "moonstone"
registry = "moonstone"

[[realization]]
realization_hash = "b3:136427deb2be64d02b5719cb51571152b2db2d9d3212a6f15ef4e83861b7543b"
name = "dkjson"
version = "2.11-1"
kind = "lib"
source_hash = "b3:736026c095d0d92f41d668c8bab1c02f58902d677326cbeca0fb592092b214a3"
recipe_hash = "b3:b00a7d1b372362ea973f5f7b328a72417e2e97d7095023998f0d3afc76fa04c6"
artifact_hash = "b3:bd1bdb75d6b3abd7721a3085ec6b11a48d27f0e6d2902866b584f8646eaf0d0a"
replay_mode = "portable_source"
runtime = "5.4"
lua_abi = "5.4"
target = "x86_64-linux-gnu"
constellation = "default"
source = "https://luarocks.org/dkjson-2.11-1.src.rock"
source_kind = "luarocks_src_rock"
source_payload = "sources/dkjson-2.11-1.src.rock"
rockspec = "https://luarocks.org/dkjson-2.11-1.rockspec"
rockspec_hash = "b3:f435b6b2f3924979d1a69598935ee7de27f35dbaa5dfa6b36aeda2f5f7356c44"
rockspec_payload = "sources/dkjson-2.11-1.rockspec"
resolver = "rocks"
registry = "rocks"
roles = ["tool"]

[[realization]]
realization_hash = "b3:81f7114e81f8fb465a364d30f42cad85c73ea6e7bb5ae3a37445d6e35c8b3bb6"
name = "moonstone/ballad"
version = "0.4.0"
kind = "bin"
source_hash = "b3:9e7b0e37a8ec31d69497f832e2a383abad5c10ae9903f08ee4ae38bb708a552a"
recipe_hash = "b3:4f09962c73fa34b46f638f1eb827d189d74d0c5eec915484d8c28e5d47d8327f"
artifact_hash = "b3:9e7b0e37a8ec31d69497f832e2a383abad5c10ae9903f08ee4ae38bb708a552a"
replay_mode = "portable_source"
runtime = "5.4"
lua_abi = "5.1"
target = "aarch64-macos"
constellation = "default"
source = "https://github.com/moonstone-sh/ballad/releases/download/v0.4.0/ballad-0.4.0-any.tar.gz"
source_kind = "archive"
source_payload = "sources/blob.tar.gz"
resolver = "moonstone"
registry = "moonstone"
roles = ["tool"]

[[realization]]
realization_hash = "b3:fd5f6018516462ad72f9f7406582a4e85694a10b2e877b0ecad9ab0063b31506"
name = "moonstone/luajit"
version = "2.1.0"
kind = "runtime"
source_hash = "b3:eb0e3baf280c1ae61596f94c85159d83b2ff99d0a2b8573a2605687ac1156b40"
recipe_hash = "b3:f0d64b5107def3bee5a8cb5c28578995ee6516bd4d1485fb979c4261ba81e7c1"
artifact_hash = "b3:f4d32a967447c8d87a709c01fa5229748de4054e51dfa073e0ad1e61c2683bbf"
replay_mode = "portable_source"
runtime = "5.4"
lua_abi = "lua51"
target = "aarch64-macos"
constellation = "default"
source = "blobs/b3/f4/d3/f4d32a967447c8d87a709c01fa5229748de4054e51dfa073e0ad1e61c2683bbf.tar.zst"
source_kind = "archive"
source_payload = "sources/blob.tar.zst"
source_url = "blobs/b3/eb/0e/eb0e3baf280c1ae61596f94c85159d83b2ff99d0a2b8573a2605687ac1156b40.tar.gz"
resolver = "moonstone"
registry = "moonstone"

[[realization]]
realization_hash = "b3:d23d77efb210c11243c9210c7de89edb8acd89e0f1e921f8339f6077f846b893"
name = "moonstone/lua"
version = "5.4.9"
kind = "runtime"
source_hash = "b3:244746a2cf96ec5e58bd3741ff2b0240265941b2c706553dffa85629f6b0a32c"
recipe_hash = "b3:19b469892c09c08741652e341b34e10d848b0d3d3e5b4a62c864322440fb572c"
artifact_hash = "b3:244746a2cf96ec5e58bd3741ff2b0240265941b2c706553dffa85629f6b0a32c"
replay_mode = "artifact_only"
runtime = "moonstone/lua"
lua_abi = "5.4"
target = "aarch64-linux-gnu"
constellation = "default"
source_kind = "runtime"
resolver = "moonstone"

[[realization]]
realization_hash = "b3:230c9ab3b7c4577cbdfad5bbddb1ea854b0240fd821655fe3ef9a371c20342df"
name = "moonstone/ballad"
version = "0.4.0"
kind = "bin"
source_hash = "b3:9e7b0e37a8ec31d69497f832e2a383abad5c10ae9903f08ee4ae38bb708a552a"
recipe_hash = "b3:4f09962c73fa34b46f638f1eb827d189d74d0c5eec915484d8c28e5d47d8327f"
artifact_hash = "b3:9e7b0e37a8ec31d69497f832e2a383abad5c10ae9903f08ee4ae38bb708a552a"
replay_mode = "portable_source"
runtime = "5.4"
lua_abi = "5.1"
target = "aarch64-linux-gnu"
constellation = "default"
source = "https://github.com/moonstone-sh/ballad/releases/download/v0.4.0/ballad-0.4.0-any.tar.gz"
source_kind = "archive"
source_payload = "sources/blob.tar.gz"
resolver = "moonstone"
registry = "moonstone"
roles = ["tool"]

[[realization]]
realization_hash = "b3:8b9b48e62fb164e0df55dd94fed059ec2e9b866d69143be39f995a4731dc31c8"
name = "moonstone/luajit"
version = "2.1.0"
kind = "runtime"
source_hash = "b3:eb0e3baf280c1ae61596f94c85159d83b2ff99d0a2b8573a2605687ac1156b40"
recipe_hash = "b3:b7e28a3127aa659f5cd50c9414c70dc7268aff1613699440c85a1acf0f0b80d6"
artifact_hash = "b3:68cad761fd2ba6d790c5a2393104e7d0789dc4cb4eb587ab3b596e881c07d73a"
replay_mode = "portable_source"
runtime = "5.4"
lua_abi = "lua51"
target = "aarch64-linux-gnu"
constellation = "default"
source = "blobs/b3/68/ca/68cad761fd2ba6d790c5a2393104e7d0789dc4cb4eb587ab3b596e881c07d73a.tar.zst"
source_kind = "archive"
source_payload = "sources/blob.tar.zst"
source_url = "blobs/b3/eb/0e/eb0e3baf280c1ae61596f94c85159d83b2ff99d0a2b8573a2605687ac1156b40.tar.gz"
resolver = "moonstone"
registry = "moonstone"

[[realization]]
realization_hash = "b3:f574dfe9bb8081c1ea5d2102417a906685ffb1d5904fed7aff385d3204627522"
name = "dkjson"
version = "2.11-1"
kind = "lib"
source_hash = "b3:736026c095d0d92f41d668c8bab1c02f58902d677326cbeca0fb592092b214a3"
recipe_hash = "b3:352114c6240d5b66277e87b1b5bc943ebe499c1594161b8caa27b7f8cd104280"
artifact_hash = "b3:bd1bdb75d6b3abd7721a3085ec6b11a48d27f0e6d2902866b584f8646eaf0d0a"
replay_mode = "portable_source"
runtime = "5.4"
lua_abi = "5.4"
target = "aarch64-linux-gnu"
constellation = "default"
source = "https://luarocks.org/dkjson-2.11-1.src.rock"
source_kind = "luarocks_src_rock"
source_payload = "sources/dkjson-2.11-1.src.rock"
rockspec = "https://luarocks.org/dkjson-2.11-1.rockspec"
rockspec_hash = "b3:f435b6b2f3924979d1a69598935ee7de27f35dbaa5dfa6b36aeda2f5f7356c44"
rockspec_payload = "sources/dkjson-2.11-1.rockspec"
resolver = "rocks"
registry = "rocks"
roles = ["tool"]

[[realization]]
realization_hash = "b3:a2b1ff18e6864daacb9c57185baa7efe04752e9c1ec7db4f476a93a543f0d4c0"
name = "moonstone/clingy"
version = "0.7.0"
kind = "bin"
source_hash = "b3:95a66847f91ac6ffc233f25abcd2330f48e69cc1540699ea1c836f75bc1d28eb"
recipe_hash = "b3:2b9c3be19893cd63b26d23b3b792ae600910d0214430ff14ba91cacaa10306b0"
artifact_hash = "b3:95a66847f91ac6ffc233f25abcd2330f48e69cc1540699ea1c836f75bc1d28eb"
replay_mode = "portable_source"
runtime = "5.4"
lua_abi = "5.4"
target = "aarch64-linux-gnu"
constellation = "default"
source = "https://github.com/moonstone-sh/clingy/releases/download/v0.7.0/clingy-0.7.0-any.tar.gz"
source_kind = "archive"
source_payload = "sources/blob.tar.gz"
resolver = "moonstone"
registry = "moonstone"
roles = ["tool"]

[[realization]]
realization_hash = "b3:c680f11dfff89088ce8f872a93a19f6c77ce921044561dbf2bf710b7b14e3e8b"
name = "moonstone/valua"
version = "0.3.0"
kind = "lib"
source_hash = "b3:62ce667312941d8e07da7347bc8ec63222bab9f1fbb14af62c77b5d77f81b75f"
recipe_hash = "b3:d2e41933ad8630efc51b58105f24854c5b1334a22bcc831468478665240fb5ee"
artifact_hash = "b3:62ce667312941d8e07da7347bc8ec63222bab9f1fbb14af62c77b5d77f81b75f"
replay_mode = "portable_source"
runtime = "5.4"
lua_abi = "5.4"
target = "aarch64-linux-gnu"
constellation = "default"
source = "https://github.com/moonstone-sh/valua/releases/download/v0.3.0/valua-0.3.0-any.tar.gz"
source_kind = "archive"
source_payload = "sources/blob.tar.gz"
resolver = "moonstone"
registry = "moonstone"
roles = ["tool"]

[[realization]]
realization_hash = "b3:85ed76632c555b0c926a2266065c20e99e5d38ea92a27df6ae8bc66bcc7f2136"
name = "moonstone/luals-composer"
version = "0.2.1"
kind = "lib"
source_hash = "b3:e14498a308d9af22b9b8f01264483c3aaabf78e85297940177a9075213d97935"
recipe_hash = "b3:b2c051d12c902454e4cb328d40ba9fe552f6dd2e94cd74b4988d6ea8a23a214b"
artifact_hash = "b3:8e6ac84979b505377164fe4722220093311130d25d6895c1d1c6aa322e6e844f"
replay_mode = "portable_source"
runtime = "5.4"
lua_abi = ""
target = "aarch64-linux-gnu"
constellation = "default"
source = "blobs/b3/e1/44/e14498a308d9af22b9b8f01264483c3aaabf78e85297940177a9075213d97935.tar.gz"
source_kind = "command"
source_payload = "sources/blob.tar.gz"
resolver = "moonstone"
registry = "moonstone"
roles = ["tool"]

[[realization]]
realization_hash = "b3:d2257619a28af63f293df5d0cf4c1b7f64b4b8b7d0743078a139b02336bb8f1f"
name = "moonstone/alter"
version = "0.2.1"
kind = "lib"
recipe_hash = ""
artifact_hash = "workspace"
replay_mode = "portable_source"
runtime = "5.4"
lua_abi = ""
target = "aarch64-linux-gnu"
constellation = "default"
source = "host"
source_kind = "workspace"
resolver = "workspace"
roles = ["tool"]

[[realization]]
realization_hash = "b3:be43fb012ea06df1685646c9985efb86bcfa81e6573ed9b7c9dd4a0de44a09c3"
name = "moonstone/alter-jsonc"
version = "0.2.1"
kind = "lib"
recipe_hash = ""
artifact_hash = "workspace"
replay_mode = "portable_source"
runtime = "5.4"
lua_abi = ""
target = "aarch64-linux-gnu"
constellation = "default"
source = "jsonc-backend"
source_kind = "workspace"
resolver = "workspace"
roles = ["tool"]

[[realization]]
realization_hash = "b3:ffccfeeb8a84b0b21a2b16e8dda18ad098fdded678f67ba36585678a2ac30050"
name = "moonstone/alter-json"
version = "0.2.1"
kind = "lib"
recipe_hash = ""
artifact_hash = "path"
replay_mode = "artifact_only"
runtime = "5.4"
lua_abi = "5.4"
target = "aarch64-linux-gnu"
constellation = "default"
source = "json-backend"
source_kind = "local_path"
resolver = "path"
roles = ["tool"]

[[realization]]
realization_hash = "b3:83f357e822d13e04690ed9b8cf7a6774e1443b6b6a8499c8ed3994c406735b35"
name = "dkjson"
version = "2.11-1"
kind = "lib"
source_hash = "b3:736026c095d0d92f41d668c8bab1c02f58902d677326cbeca0fb592092b214a3"
recipe_hash = "b3:d87171c0c184155fce27b80e492477d439774862a26070e2f29a77f033376f86"
artifact_hash = "b3:bd1bdb75d6b3abd7721a3085ec6b11a48d27f0e6d2902866b584f8646eaf0d0a"
replay_mode = "portable_source"
runtime = "5.4"
lua_abi = "5.4"
target = "aarch64-macos"
constellation = "default"
source = "https://luarocks.org/dkjson-2.11-1.src.rock"
source_kind = "luarocks_src_rock"
source_payload = "sources/dkjson-2.11-1.src.rock"
rockspec = "https://luarocks.org/dkjson-2.11-1.rockspec"
rockspec_hash = "b3:f435b6b2f3924979d1a69598935ee7de27f35dbaa5dfa6b36aeda2f5f7356c44"
rockspec_payload = "sources/dkjson-2.11-1.rockspec"
resolver = "rocks"
registry = "rocks"
roles = ["tool"]

[[realization]]
realization_hash = "b3:f0b66691aa9c253d14e3f3babe29f28c64f781ea1d9a7165a020e2323097516d"
name = "moonstone/clingy"
version = "0.7.0"
kind = "bin"
source_hash = "b3:95a66847f91ac6ffc233f25abcd2330f48e69cc1540699ea1c836f75bc1d28eb"
recipe_hash = "b3:2b9c3be19893cd63b26d23b3b792ae600910d0214430ff14ba91cacaa10306b0"
artifact_hash = "b3:95a66847f91ac6ffc233f25abcd2330f48e69cc1540699ea1c836f75bc1d28eb"
replay_mode = "portable_source"
runtime = "5.4"
lua_abi = "5.4"
target = "aarch64-macos"
constellation = "default"
source = "https://github.com/moonstone-sh/clingy/releases/download/v0.7.0/clingy-0.7.0-any.tar.gz"
source_kind = "archive"
source_payload = "sources/blob.tar.gz"
resolver = "moonstone"
registry = "moonstone"
roles = ["tool"]

[[realization]]
realization_hash = "b3:fb016cc3ddfe799f5d6f277da317b25e8300d6a42c092382ab3999414627c7bb"
name = "moonstone/valua"
version = "0.3.0"
kind = "lib"
source_hash = "b3:62ce667312941d8e07da7347bc8ec63222bab9f1fbb14af62c77b5d77f81b75f"
recipe_hash = "b3:d2e41933ad8630efc51b58105f24854c5b1334a22bcc831468478665240fb5ee"
artifact_hash = "b3:62ce667312941d8e07da7347bc8ec63222bab9f1fbb14af62c77b5d77f81b75f"
replay_mode = "portable_source"
runtime = "5.4"
lua_abi = "5.4"
target = "aarch64-macos"
constellation = "default"
source = "https://github.com/moonstone-sh/valua/releases/download/v0.3.0/valua-0.3.0-any.tar.gz"
source_kind = "archive"
source_payload = "sources/blob.tar.gz"
resolver = "moonstone"
registry = "moonstone"
roles = ["tool"]

[[realization]]
realization_hash = "b3:778a766f83fb1d8815eb974b853e5b21d0aab38f10ee17c2a22b9f1f3022caf9"
name = "moonstone/luals-composer"
version = "0.2.1"
kind = "lib"
source_hash = "b3:e14498a308d9af22b9b8f01264483c3aaabf78e85297940177a9075213d97935"
recipe_hash = "b3:209189997f2b1519d71669627e63849402637377982df9070ea4278e947a167c"
artifact_hash = "b3:8e6ac84979b505377164fe4722220093311130d25d6895c1d1c6aa322e6e844f"
replay_mode = "portable_source"
runtime = "5.4"
lua_abi = ""
target = "aarch64-macos"
constellation = "default"
source = "blobs/b3/e1/44/e14498a308d9af22b9b8f01264483c3aaabf78e85297940177a9075213d97935.tar.gz"
source_kind = "command"
source_payload = "sources/blob.tar.gz"
resolver = "moonstone"
registry = "moonstone"
roles = ["tool"]

[[realization]]
realization_hash = "b3:8c64096bdaccde212526c186ff90a892812e3d74bb4a84aee959d13f5d8219a0"
name = "moonstone/alter"
version = "0.2.2"
kind = "lib"
recipe_hash = ""
artifact_hash = "workspace"
replay_mode = "portable_source"
runtime = "5.4"
lua_abi = ""
target = "aarch64-macos"
constellation = "default"
source = "host"
source_kind = "workspace"
resolver = "workspace"
roles = ["tool"]

[[realization]]
realization_hash = "b3:dbd11437c8d5e74d81a4e6301867ae1d9232651705aecd37e9e9993feb8114f2"
name = "moonstone/alter-jsonc"
version = "0.2.2"
kind = "lib"
recipe_hash = ""
artifact_hash = "workspace"
replay_mode = "portable_source"
runtime = "5.4"
lua_abi = ""
target = "aarch64-macos"
constellation = "default"
source = "jsonc-backend"
source_kind = "workspace"
resolver = "workspace"
roles = ["tool"]

[[realization]]
realization_hash = "b3:79d7e760a3609215ac8670c3a4621af03fbcaf64f255ee16234ae7936ab97a5b"
name = "moonstone/alter-json"
version = "0.2.2"
kind = "lib"
recipe_hash = ""
artifact_hash = "path"
replay_mode = "artifact_only"
runtime = "5.4"
lua_abi = "5.4"
target = "aarch64-macos"
constellation = "default"
source = "json-backend"
source_kind = "local_path"
resolver = "path"
roles = ["tool"]

[[realization]]
realization_hash = "b3:70450bffb55f4ac4314dd2c3372aaea06077e93d64b8c0a108e54499f14ffbcb"
name = "moonstone/lua"
version = "5.4.9"
kind = "runtime"
source_hash = "b3:39bfa29bd95756b038e2f42deb93e325b9f7f2b80951a5a66a0f1b5639ee50c7"
recipe_hash = "b3:72c64a363368b9c6cd18a1d2ec7c5b2e99921e7c9b3b1d4e830a0bfcf821805b"
artifact_hash = "b3:39bfa29bd95756b038e2f42deb93e325b9f7f2b80951a5a66a0f1b5639ee50c7"
replay_mode = "artifact_only"
runtime = "moonstone/lua"
lua_abi = "5.4"
target = "aarch64-macos"
constellation = "default"
source_kind = "runtime"
resolver = "moonstone"

[[profile]]
id = "aarch64-macos+moonstone/lua+5.4"
target = "aarch64-macos"
runtime = "moonstone/lua"
lua_abi = "5.4"
packages = [{ name = "moonstone/lua", version = "5.4.9", realization_hash = "b3:70450bffb55f4ac4314dd2c3372aaea06077e93d64b8c0a108e54499f14ffbcb" }, { name = "moonstone/ballad", version = "0.4.0", realization_hash = "b3:81f7114e81f8fb465a364d30f42cad85c73ea6e7bb5ae3a37445d6e35c8b3bb6" }, { name = "moonstone/luajit", version = "2.1.0", realization_hash = "b3:fd5f6018516462ad72f9f7406582a4e85694a10b2e877b0ecad9ab0063b31506" }, { name = "dkjson", version = "2.11-1", realization_hash = "b3:83f357e822d13e04690ed9b8cf7a6774e1443b6b6a8499c8ed3994c406735b35" }, { name = "moonstone/clingy", version = "0.7.0", realization_hash = "b3:f0b66691aa9c253d14e3f3babe29f28c64f781ea1d9a7165a020e2323097516d" }, { name = "moonstone/valua", version = "0.3.0", realization_hash = "b3:fb016cc3ddfe799f5d6f277da317b25e8300d6a42c092382ab3999414627c7bb" }, { name = "moonstone/luals-composer", version = "0.2.1", realization_hash = "b3:778a766f83fb1d8815eb974b853e5b21d0aab38f10ee17c2a22b9f1f3022caf9" }, { name = "moonstone/alter", version = "0.2.2", realization_hash = "b3:8c64096bdaccde212526c186ff90a892812e3d74bb4a84aee959d13f5d8219a0" }, { name = "moonstone/alter-jsonc", version = "0.2.2", realization_hash = "b3:dbd11437c8d5e74d81a4e6301867ae1d9232651705aecd37e9e9993feb8114f2" }, { name = "moonstone/alter-json", version = "0.2.2", realization_hash = "b3:79d7e760a3609215ac8670c3a4621af03fbcaf64f255ee16234ae7936ab97a5b" }]
edges = []

[[profile]]
id = "x86_64-linux-gnu+moonstone/lua+5.4"
target = "x86_64-linux-gnu"
runtime = "moonstone/lua"
lua_abi = "5.4"
packages = [{ name = "moonstone/lua", version = "5.4.9", realization_hash = "b3:9083cfa0a74d854f78c93294b9b8a4a03cda8e275328e3482c34c9a608f30342" }, { name = "moonstone/ballad", version = "0.3.7", realization_hash = "b3:1832cca557a1533ca721b366edfa0120d76f1c54db6d66a99e64f678c62ef1e4" }, { name = "moonstone/luajit", version = "2.1.0", realization_hash = "b3:148d9d346bade8ed66e4fb999acead0d5a847dd09bf6f4e0a7fbfbfeff035af5" }, { name = "dkjson", version = "2.11-1", realization_hash = "b3:136427deb2be64d02b5719cb51571152b2db2d9d3212a6f15ef4e83861b7543b" }]
edges = []

[[profile]]
id = "aarch64-linux-gnu+moonstone/lua+5.4"
target = "aarch64-linux-gnu"
runtime = "moonstone/lua"
lua_abi = "5.4"
packages = [{ name = "moonstone/lua", version = "5.4.9", realization_hash = "b3:d23d77efb210c11243c9210c7de89edb8acd89e0f1e921f8339f6077f846b893" }, { name = "moonstone/ballad", version = "0.4.0", realization_hash = "b3:230c9ab3b7c4577cbdfad5bbddb1ea854b0240fd821655fe3ef9a371c20342df" }, { name = "moonstone/luajit", version = "2.1.0", realization_hash = "b3:8b9b48e62fb164e0df55dd94fed059ec2e9b866d69143be39f995a4731dc31c8" }, { name = "dkjson", version = "2.11-1", realization_hash = "b3:f574dfe9bb8081c1ea5d2102417a906685ffb1d5904fed7aff385d3204627522" }, { name = "moonstone/clingy", version = "0.7.0", realization_hash = "b3:a2b1ff18e6864daacb9c57185baa7efe04752e9c1ec7db4f476a93a543f0d4c0" }, { name = "moonstone/valua", version = "0.3.0", realization_hash = "b3:c680f11dfff89088ce8f872a93a19f6c77ce921044561dbf2bf710b7b14e3e8b" }, { name = "moonstone/luals-composer", version = "0.2.1", realization_hash = "b3:85ed76632c555b0c926a2266065c20e99e5d38ea92a27df6ae8bc66bcc7f2136" }, { name = "moonstone/alter", version = "0.2.1", realization_hash = "b3:d2257619a28af63f293df5d0cf4c1b7f64b4b8b7d0743078a139b02336bb8f1f" }, { name = "moonstone/alter-jsonc", version = "0.2.1", realization_hash = "b3:be43fb012ea06df1685646c9985efb86bcfa81e6573ed9b7c9dd4a0de44a09c3" }, { name = "moonstone/alter-json", version = "0.2.1", realization_hash = "b3:ffccfeeb8a84b0b21a2b16e8dda18ad098fdded678f67ba36585678a2ac30050" }]
edges = []
